// !$*UTF8*$!
{
	archiveVersion = 1;
	classes = {
	};
	objectVersion = 50;
	objects = {

/* Begin PBXBuildFile section */
		E552204F9D6FB5D03B25A858 /* Pods_CommonPods_HyperlootWallet.framework in Frameworks */ = {isa = PBXBuildFile; fileRef = E0D833A387F7F56AF9A708ED /* Pods_CommonPods_HyperlootWallet.framework */; };
		F44D723F2146EC4000C651C6 /* AppDelegate.swift in Sources */ = {isa = PBXBuildFile; fileRef = F44D723E2146EC4000C651C6 /* AppDelegate.swift */; };
		F44D72412146EC4000C651C6 /* SplashViewController.swift in Sources */ = {isa = PBXBuildFile; fileRef = F44D72402146EC4000C651C6 /* SplashViewController.swift */; };
		F44D72442146EC4000C651C6 /* Main.storyboard in Resources */ = {isa = PBXBuildFile; fileRef = F44D72422146EC4000C651C6 /* Main.storyboard */; };
		F44D72462146EC4200C651C6 /* Assets.xcassets in Resources */ = {isa = PBXBuildFile; fileRef = F44D72452146EC4200C651C6 /* Assets.xcassets */; };
		F44D72492146EC4200C651C6 /* LaunchScreen.storyboard in Resources */ = {isa = PBXBuildFile; fileRef = F44D72472146EC4200C651C6 /* LaunchScreen.storyboard */; };
		F44D72542146EC4300C651C6 /* HyperlootWalletTests.swift in Sources */ = {isa = PBXBuildFile; fileRef = F44D72532146EC4300C651C6 /* HyperlootWalletTests.swift */; };
		F44D7260214A292300C651C6 /* Hyperloot.swift in Sources */ = {isa = PBXBuildFile; fileRef = F44D725F214A292300C651C6 /* Hyperloot.swift */; };
		F44D7263214A29A100C651C6 /* HyperlootWalletManaging.swift in Sources */ = {isa = PBXBuildFile; fileRef = F44D7262214A29A100C651C6 /* HyperlootWalletManaging.swift */; };
		F44D7265214A29AB00C651C6 /* HyperlootTokensManaging.swift in Sources */ = {isa = PBXBuildFile; fileRef = F44D7264214A29AB00C651C6 /* HyperlootTokensManaging.swift */; };
		F44D7268214A2C6D00C651C6 /* WalletManager.swift in Sources */ = {isa = PBXBuildFile; fileRef = F44D7267214A2C6D00C651C6 /* WalletManager.swift */; };
		F466FCDD215DFCDC00092CC4 /* ReplaceRootSegue.swift in Sources */ = {isa = PBXBuildFile; fileRef = F466FCDC215DFCDC00092CC4 /* ReplaceRootSegue.swift */; };
		F466FCDF215DFE6B00092CC4 /* Wallet.storyboard in Resources */ = {isa = PBXBuildFile; fileRef = F466FCDE215DFE6B00092CC4 /* Wallet.storyboard */; };
		F466FCE1215DFFE900092CC4 /* SplashViewModel.swift in Sources */ = {isa = PBXBuildFile; fileRef = F466FCE0215DFFE900092CC4 /* SplashViewModel.swift */; };
		F466FCE921617FA000092CC4 /* DashboardTokenItemInfoTableCell.swift in Sources */ = {isa = PBXBuildFile; fileRef = F466FCE821617FA000092CC4 /* DashboardTokenItemInfoTableCell.swift */; };
		F466FCED2163349C00092CC4 /* DashboardTokenInfoSectionView.swift in Sources */ = {isa = PBXBuildFile; fileRef = F466FCEC2163349C00092CC4 /* DashboardTokenInfoSectionView.swift */; };
		F466FCEF216334A800092CC4 /* DashboardTokenItemInfoTableCell.xib in Resources */ = {isa = PBXBuildFile; fileRef = F466FCEE216334A800092CC4 /* DashboardTokenItemInfoTableCell.xib */; };
		F466FCF12163354200092CC4 /* DashboardTokenInfoSectionView.xib in Resources */ = {isa = PBXBuildFile; fileRef = F466FCF02163354200092CC4 /* DashboardTokenInfoSectionView.xib */; };
		F466FCF421633CDF00092CC4 /* WalletDashboardViewController.swift in Sources */ = {isa = PBXBuildFile; fileRef = F466FCF321633CDF00092CC4 /* WalletDashboardViewController.swift */; };
		F466FCF621633D1900092CC4 /* WalletDashboardViewModel.swift in Sources */ = {isa = PBXBuildFile; fileRef = F466FCF521633D1900092CC4 /* WalletDashboardViewModel.swift */; };
		F466FCF821633E2300092CC4 /* HyperlootToken.swift in Sources */ = {isa = PBXBuildFile; fileRef = F466FCF721633E2300092CC4 /* HyperlootToken.swift */; };
		F466FD00216348BE00092CC4 /* Bundle+Nib.swift in Sources */ = {isa = PBXBuildFile; fileRef = F466FCFF216348BE00092CC4 /* Bundle+Nib.swift */; };
		F466FD022163497400092CC4 /* UIView+Extensions.swift in Sources */ = {isa = PBXBuildFile; fileRef = F466FD012163497400092CC4 /* UIView+Extensions.swift */; };
		F466FD0521649EF400092CC4 /* TokenTransactionsViewController.swift in Sources */ = {isa = PBXBuildFile; fileRef = F466FD0421649EF400092CC4 /* TokenTransactionsViewController.swift */; };
		F466FD0721649EFE00092CC4 /* TokenTransactionsViewModel.swift in Sources */ = {isa = PBXBuildFile; fileRef = F466FD0621649EFE00092CC4 /* TokenTransactionsViewModel.swift */; };
		F466FD092164A4D200092CC4 /* TransactionTableCell.swift in Sources */ = {isa = PBXBuildFile; fileRef = F466FD082164A4D200092CC4 /* TransactionTableCell.swift */; };
		F466FD0B2164A68300092CC4 /* HyperlootTransaction.swift in Sources */ = {isa = PBXBuildFile; fileRef = F466FD0A2164A68300092CC4 /* HyperlootTransaction.swift */; };
		F466FD0E2165EE6A00092CC4 /* TokenInfoViewController.swift in Sources */ = {isa = PBXBuildFile; fileRef = F466FD0D2165EE6A00092CC4 /* TokenInfoViewController.swift */; };
		F466FD102165EE7400092CC4 /* TokenInfoViewModel.swift in Sources */ = {isa = PBXBuildFile; fileRef = F466FD0F2165EE7400092CC4 /* TokenInfoViewModel.swift */; };
		F466FD1321669DEB00092CC4 /* QRCodeImageGenerator.swift in Sources */ = {isa = PBXBuildFile; fileRef = F466FD1221669DEB00092CC4 /* QRCodeImageGenerator.swift */; };
		F466FD1621669EB100092CC4 /* ReceiveViewController.swift in Sources */ = {isa = PBXBuildFile; fileRef = F466FD1521669EB100092CC4 /* ReceiveViewController.swift */; };
		F466FD1821669EBB00092CC4 /* ReceiveViewModel.swift in Sources */ = {isa = PBXBuildFile; fileRef = F466FD1721669EBB00092CC4 /* ReceiveViewModel.swift */; };
		F466FD1B2167346500092CC4 /* SendViewController.swift in Sources */ = {isa = PBXBuildFile; fileRef = F466FD1A2167346500092CC4 /* SendViewController.swift */; };
		F466FD1D2167347300092CC4 /* SendViewModel.swift in Sources */ = {isa = PBXBuildFile; fileRef = F466FD1C2167347300092CC4 /* SendViewModel.swift */; };
		F466FD20216734C600092CC4 /* SendTokenItemDetailsView.swift in Sources */ = {isa = PBXBuildFile; fileRef = F466FD1F216734C600092CC4 /* SendTokenItemDetailsView.swift */; };
		F466FD222167357400092CC4 /* SendTokenDetailsView.swift in Sources */ = {isa = PBXBuildFile; fileRef = F466FD212167357400092CC4 /* SendTokenDetailsView.swift */; };
		F475DB8B216B368E00B157BC /* SendTransactionSpeedView.swift in Sources */ = {isa = PBXBuildFile; fileRef = F475DB8A216B368E00B157BC /* SendTransactionSpeedView.swift */; };
		F475DB8D216C6A5900B157BC /* HyperlootNickname.swift in Sources */ = {isa = PBXBuildFile; fileRef = F475DB8C216C6A5900B157BC /* HyperlootNickname.swift */; };
		F48765E32158AE9F003825FE /* UserRegistrationFlow.swift in Sources */ = {isa = PBXBuildFile; fileRef = F48765E22158AE9F003825FE /* UserRegistrationFlow.swift */; };
		F48765E62158B4F3003825FE /* EnterEmailViewController.swift in Sources */ = {isa = PBXBuildFile; fileRef = F48765E52158B4F3003825FE /* EnterEmailViewController.swift */; };
		F48765E8215951FF003825FE /* EnterEmailViewModel.swift in Sources */ = {isa = PBXBuildFile; fileRef = F48765E7215951FF003825FE /* EnterEmailViewModel.swift */; };
		F48765EA215952B3003825FE /* RegistrationErrorView.swift in Sources */ = {isa = PBXBuildFile; fileRef = F48765E9215952B3003825FE /* RegistrationErrorView.swift */; };
		F48765EF215A027E003825FE /* EnterPasswordViewController.swift in Sources */ = {isa = PBXBuildFile; fileRef = F48765EE215A027E003825FE /* EnterPasswordViewController.swift */; };
		F48765F1215A039E003825FE /* EnterPasswordViewModel.swift in Sources */ = {isa = PBXBuildFile; fileRef = F48765F0215A039E003825FE /* EnterPasswordViewModel.swift */; };
		F48765F4215A06EC003825FE /* StringHelper.swift in Sources */ = {isa = PBXBuildFile; fileRef = F48765F3215A06EC003825FE /* StringHelper.swift */; };
		F48765F7215A1980003825FE /* UIViewController+ScreenRoutes.swift in Sources */ = {isa = PBXBuildFile; fileRef = F48765F6215A1980003825FE /* UIViewController+ScreenRoutes.swift */; };
		F48765FA215A1CB0003825FE /* EnterWalletKeysViewController.swift in Sources */ = {isa = PBXBuildFile; fileRef = F48765F9215A1CB0003825FE /* EnterWalletKeysViewController.swift */; };
		F48765FC215A1CBA003825FE /* EnterWalletKeysViewModel.swift in Sources */ = {isa = PBXBuildFile; fileRef = F48765FB215A1CBA003825FE /* EnterWalletKeysViewModel.swift */; };
		F48CEC09214B8D8600A43A47 /* WalletKeyStore.swift in Sources */ = {isa = PBXBuildFile; fileRef = F48CEC08214B8D8600A43A47 /* WalletKeyStore.swift */; };
		F48CEC0C214B931F00A43A47 /* HyperlootWallet.swift in Sources */ = {isa = PBXBuildFile; fileRef = F48CEC0B214B931F00A43A47 /* HyperlootWallet.swift */; };
		F48CEC0F214DD2B400A43A47 /* Dictionary+JSON.swift in Sources */ = {isa = PBXBuildFile; fileRef = F48CEC0E214DD2B400A43A47 /* Dictionary+JSON.swift */; };
		F48CEC112150C7D100A43A47 /* HyperlootUser.swift in Sources */ = {isa = PBXBuildFile; fileRef = F48CEC102150C7D100A43A47 /* HyperlootUser.swift */; };
		F48CEC132150CF2D00A43A47 /* UserManager.swift in Sources */ = {isa = PBXBuildFile; fileRef = F48CEC122150CF2D00A43A47 /* UserManager.swift */; };
		F48CEC1A2150DD5D00A43A47 /* LoginFlow.storyboard in Resources */ = {isa = PBXBuildFile; fileRef = F48CEC192150DD5D00A43A47 /* LoginFlow.storyboard */; };
		F48CEC202150DE6400A43A47 /* LoginFlowMainViewController.swift in Sources */ = {isa = PBXBuildFile; fileRef = F48CEC1F2150DE6400A43A47 /* LoginFlowMainViewController.swift */; };
		F48CEC232150DFBF00A43A47 /* ScreenRoutes.swift in Sources */ = {isa = PBXBuildFile; fileRef = F48CEC222150DFBF00A43A47 /* ScreenRoutes.swift */; };
		F48CEC262150E02B00A43A47 /* Screens.swift in Sources */ = {isa = PBXBuildFile; fileRef = F48CEC252150E02B00A43A47 /* Screens.swift */; };
		F48CEC2B2152C60800A43A47 /* HyperlootButton.swift in Sources */ = {isa = PBXBuildFile; fileRef = F48CEC2A2152C60800A43A47 /* HyperlootButton.swift */; };
		F4CB7CE92175ADA7006B6217 /* FormController.swift in Sources */ = {isa = PBXBuildFile; fileRef = F4CB7CE82175ADA7006B6217 /* FormController.swift */; };
		F4CB7CEC21770BFC006B6217 /* EnterNicknameViewController.swift in Sources */ = {isa = PBXBuildFile; fileRef = F4CB7CEB21770BFC006B6217 /* EnterNicknameViewController.swift */; };
		F4CB7CEE21770C2A006B6217 /* EnterNicknameViewModel.swift in Sources */ = {isa = PBXBuildFile; fileRef = F4CB7CED21770C29006B6217 /* EnterNicknameViewModel.swift */; };
/* End PBXBuildFile section */

/* Begin PBXContainerItemProxy section */
		F44D72502146EC4300C651C6 /* PBXContainerItemProxy */ = {
			isa = PBXContainerItemProxy;
			containerPortal = F44D72332146EC4000C651C6 /* Project object */;
			proxyType = 1;
			remoteGlobalIDString = F44D723A2146EC4000C651C6;
			remoteInfo = HyperlootWallet;
		};
/* End PBXContainerItemProxy section */

/* Begin PBXFileReference section */
		7BB71749000FBA9E3F48A9EC /* Pods-CommonPods-HyperlootWallet.debug.xcconfig */ = {isa = PBXFileReference; includeInIndex = 1; lastKnownFileType = text.xcconfig; name = "Pods-CommonPods-HyperlootWallet.debug.xcconfig"; path = "Pods/Target Support Files/Pods-CommonPods-HyperlootWallet/Pods-CommonPods-HyperlootWallet.debug.xcconfig"; sourceTree = "<group>"; };
		97E92B5CB48BB0618E939E0B /* Pods-CommonPods-HyperlootWallet.appstore.xcconfig */ = {isa = PBXFileReference; includeInIndex = 1; lastKnownFileType = text.xcconfig; name = "Pods-CommonPods-HyperlootWallet.appstore.xcconfig"; path = "Pods/Target Support Files/Pods-CommonPods-HyperlootWallet/Pods-CommonPods-HyperlootWallet.appstore.xcconfig"; sourceTree = "<group>"; };
		E0D833A387F7F56AF9A708ED /* Pods_CommonPods_HyperlootWallet.framework */ = {isa = PBXFileReference; explicitFileType = wrapper.framework; includeInIndex = 0; path = Pods_CommonPods_HyperlootWallet.framework; sourceTree = BUILT_PRODUCTS_DIR; };
		EE7FA6B138B5466D6184111E /* Pods-CommonPods-HyperlootWallet.release.xcconfig */ = {isa = PBXFileReference; includeInIndex = 1; lastKnownFileType = text.xcconfig; name = "Pods-CommonPods-HyperlootWallet.release.xcconfig"; path = "Pods/Target Support Files/Pods-CommonPods-HyperlootWallet/Pods-CommonPods-HyperlootWallet.release.xcconfig"; sourceTree = "<group>"; };
		F44D723B2146EC4000C651C6 /* HyperlootWallet.app */ = {isa = PBXFileReference; explicitFileType = wrapper.application; includeInIndex = 0; path = HyperlootWallet.app; sourceTree = BUILT_PRODUCTS_DIR; };
		F44D723E2146EC4000C651C6 /* AppDelegate.swift */ = {isa = PBXFileReference; lastKnownFileType = sourcecode.swift; path = AppDelegate.swift; sourceTree = "<group>"; };
		F44D72402146EC4000C651C6 /* SplashViewController.swift */ = {isa = PBXFileReference; lastKnownFileType = sourcecode.swift; path = SplashViewController.swift; sourceTree = "<group>"; };
		F44D72432146EC4000C651C6 /* Base */ = {isa = PBXFileReference; lastKnownFileType = file.storyboard; name = Base; path = Base.lproj/Main.storyboard; sourceTree = "<group>"; };
		F44D72452146EC4200C651C6 /* Assets.xcassets */ = {isa = PBXFileReference; lastKnownFileType = folder.assetcatalog; path = Assets.xcassets; sourceTree = "<group>"; };
		F44D72482146EC4200C651C6 /* Base */ = {isa = PBXFileReference; lastKnownFileType = file.storyboard; name = Base; path = Base.lproj/LaunchScreen.storyboard; sourceTree = "<group>"; };
		F44D724A2146EC4200C651C6 /* Info.plist */ = {isa = PBXFileReference; lastKnownFileType = text.plist.xml; path = Info.plist; sourceTree = "<group>"; };
		F44D724F2146EC4300C651C6 /* HyperlootWalletTests.xctest */ = {isa = PBXFileReference; explicitFileType = wrapper.cfbundle; includeInIndex = 0; path = HyperlootWalletTests.xctest; sourceTree = BUILT_PRODUCTS_DIR; };
		F44D72532146EC4300C651C6 /* HyperlootWalletTests.swift */ = {isa = PBXFileReference; lastKnownFileType = sourcecode.swift; path = HyperlootWalletTests.swift; sourceTree = "<group>"; };
		F44D72552146EC4300C651C6 /* Info.plist */ = {isa = PBXFileReference; lastKnownFileType = text.plist.xml; path = Info.plist; sourceTree = "<group>"; };
		F44D725F214A292300C651C6 /* Hyperloot.swift */ = {isa = PBXFileReference; lastKnownFileType = sourcecode.swift; path = Hyperloot.swift; sourceTree = "<group>"; };
		F44D7262214A29A100C651C6 /* HyperlootWalletManaging.swift */ = {isa = PBXFileReference; lastKnownFileType = sourcecode.swift; path = HyperlootWalletManaging.swift; sourceTree = "<group>"; };
		F44D7264214A29AB00C651C6 /* HyperlootTokensManaging.swift */ = {isa = PBXFileReference; lastKnownFileType = sourcecode.swift; path = HyperlootTokensManaging.swift; sourceTree = "<group>"; };
		F44D7267214A2C6D00C651C6 /* WalletManager.swift */ = {isa = PBXFileReference; lastKnownFileType = sourcecode.swift; path = WalletManager.swift; sourceTree = "<group>"; };
		F466FCDC215DFCDC00092CC4 /* ReplaceRootSegue.swift */ = {isa = PBXFileReference; lastKnownFileType = sourcecode.swift; path = ReplaceRootSegue.swift; sourceTree = "<group>"; };
		F466FCDE215DFE6B00092CC4 /* Wallet.storyboard */ = {isa = PBXFileReference; lastKnownFileType = file.storyboard; path = Wallet.storyboard; sourceTree = "<group>"; };
		F466FCE0215DFFE900092CC4 /* SplashViewModel.swift */ = {isa = PBXFileReference; lastKnownFileType = sourcecode.swift; path = SplashViewModel.swift; sourceTree = "<group>"; };
		F466FCE821617FA000092CC4 /* DashboardTokenItemInfoTableCell.swift */ = {isa = PBXFileReference; lastKnownFileType = sourcecode.swift; path = DashboardTokenItemInfoTableCell.swift; sourceTree = "<group>"; };
		F466FCEC2163349C00092CC4 /* DashboardTokenInfoSectionView.swift */ = {isa = PBXFileReference; fileEncoding = 4; lastKnownFileType = sourcecode.swift; path = DashboardTokenInfoSectionView.swift; sourceTree = "<group>"; };
		F466FCEE216334A800092CC4 /* DashboardTokenItemInfoTableCell.xib */ = {isa = PBXFileReference; lastKnownFileType = file.xib; path = DashboardTokenItemInfoTableCell.xib; sourceTree = "<group>"; };
		F466FCF02163354200092CC4 /* DashboardTokenInfoSectionView.xib */ = {isa = PBXFileReference; lastKnownFileType = file.xib; path = DashboardTokenInfoSectionView.xib; sourceTree = "<group>"; };
		F466FCF321633CDF00092CC4 /* WalletDashboardViewController.swift */ = {isa = PBXFileReference; lastKnownFileType = sourcecode.swift; path = WalletDashboardViewController.swift; sourceTree = "<group>"; };
		F466FCF521633D1900092CC4 /* WalletDashboardViewModel.swift */ = {isa = PBXFileReference; lastKnownFileType = sourcecode.swift; path = WalletDashboardViewModel.swift; sourceTree = "<group>"; };
		F466FCF721633E2300092CC4 /* HyperlootToken.swift */ = {isa = PBXFileReference; lastKnownFileType = sourcecode.swift; path = HyperlootToken.swift; sourceTree = "<group>"; };
		F466FCFF216348BE00092CC4 /* Bundle+Nib.swift */ = {isa = PBXFileReference; lastKnownFileType = sourcecode.swift; path = "Bundle+Nib.swift"; sourceTree = "<group>"; };
		F466FD012163497400092CC4 /* UIView+Extensions.swift */ = {isa = PBXFileReference; lastKnownFileType = sourcecode.swift; path = "UIView+Extensions.swift"; sourceTree = "<group>"; };
		F466FD0421649EF400092CC4 /* TokenTransactionsViewController.swift */ = {isa = PBXFileReference; lastKnownFileType = sourcecode.swift; path = TokenTransactionsViewController.swift; sourceTree = "<group>"; };
		F466FD0621649EFE00092CC4 /* TokenTransactionsViewModel.swift */ = {isa = PBXFileReference; lastKnownFileType = sourcecode.swift; path = TokenTransactionsViewModel.swift; sourceTree = "<group>"; };
		F466FD082164A4D200092CC4 /* TransactionTableCell.swift */ = {isa = PBXFileReference; lastKnownFileType = sourcecode.swift; path = TransactionTableCell.swift; sourceTree = "<group>"; };
		F466FD0A2164A68300092CC4 /* HyperlootTransaction.swift */ = {isa = PBXFileReference; lastKnownFileType = sourcecode.swift; path = HyperlootTransaction.swift; sourceTree = "<group>"; };
		F466FD0D2165EE6A00092CC4 /* TokenInfoViewController.swift */ = {isa = PBXFileReference; lastKnownFileType = sourcecode.swift; path = TokenInfoViewController.swift; sourceTree = "<group>"; };
		F466FD0F2165EE7400092CC4 /* TokenInfoViewModel.swift */ = {isa = PBXFileReference; lastKnownFileType = sourcecode.swift; path = TokenInfoViewModel.swift; sourceTree = "<group>"; };
		F466FD1221669DEB00092CC4 /* QRCodeImageGenerator.swift */ = {isa = PBXFileReference; lastKnownFileType = sourcecode.swift; path = QRCodeImageGenerator.swift; sourceTree = "<group>"; };
		F466FD1521669EB100092CC4 /* ReceiveViewController.swift */ = {isa = PBXFileReference; lastKnownFileType = sourcecode.swift; path = ReceiveViewController.swift; sourceTree = "<group>"; };
		F466FD1721669EBB00092CC4 /* ReceiveViewModel.swift */ = {isa = PBXFileReference; lastKnownFileType = sourcecode.swift; path = ReceiveViewModel.swift; sourceTree = "<group>"; };
		F466FD1A2167346500092CC4 /* SendViewController.swift */ = {isa = PBXFileReference; lastKnownFileType = sourcecode.swift; path = SendViewController.swift; sourceTree = "<group>"; };
		F466FD1C2167347300092CC4 /* SendViewModel.swift */ = {isa = PBXFileReference; lastKnownFileType = sourcecode.swift; path = SendViewModel.swift; sourceTree = "<group>"; };
		F466FD1F216734C600092CC4 /* SendTokenItemDetailsView.swift */ = {isa = PBXFileReference; lastKnownFileType = sourcecode.swift; path = SendTokenItemDetailsView.swift; sourceTree = "<group>"; };
		F466FD212167357400092CC4 /* SendTokenDetailsView.swift */ = {isa = PBXFileReference; lastKnownFileType = sourcecode.swift; path = SendTokenDetailsView.swift; sourceTree = "<group>"; };
		F475DB8A216B368E00B157BC /* SendTransactionSpeedView.swift */ = {isa = PBXFileReference; lastKnownFileType = sourcecode.swift; path = SendTransactionSpeedView.swift; sourceTree = "<group>"; };
		F475DB8C216C6A5900B157BC /* HyperlootNickname.swift */ = {isa = PBXFileReference; lastKnownFileType = sourcecode.swift; path = HyperlootNickname.swift; sourceTree = "<group>"; };
		F48765E22158AE9F003825FE /* UserRegistrationFlow.swift */ = {isa = PBXFileReference; lastKnownFileType = sourcecode.swift; path = UserRegistrationFlow.swift; sourceTree = "<group>"; };
		F48765E52158B4F3003825FE /* EnterEmailViewController.swift */ = {isa = PBXFileReference; lastKnownFileType = sourcecode.swift; path = EnterEmailViewController.swift; sourceTree = "<group>"; };
		F48765E7215951FF003825FE /* EnterEmailViewModel.swift */ = {isa = PBXFileReference; lastKnownFileType = sourcecode.swift; path = EnterEmailViewModel.swift; sourceTree = "<group>"; };
		F48765E9215952B3003825FE /* RegistrationErrorView.swift */ = {isa = PBXFileReference; lastKnownFileType = sourcecode.swift; path = RegistrationErrorView.swift; sourceTree = "<group>"; };
		F48765EE215A027E003825FE /* EnterPasswordViewController.swift */ = {isa = PBXFileReference; lastKnownFileType = sourcecode.swift; path = EnterPasswordViewController.swift; sourceTree = "<group>"; };
		F48765F0215A039E003825FE /* EnterPasswordViewModel.swift */ = {isa = PBXFileReference; lastKnownFileType = sourcecode.swift; path = EnterPasswordViewModel.swift; sourceTree = "<group>"; };
		F48765F3215A06EC003825FE /* StringHelper.swift */ = {isa = PBXFileReference; lastKnownFileType = sourcecode.swift; path = StringHelper.swift; sourceTree = "<group>"; };
		F48765F6215A1980003825FE /* UIViewController+ScreenRoutes.swift */ = {isa = PBXFileReference; lastKnownFileType = sourcecode.swift; path = "UIViewController+ScreenRoutes.swift"; sourceTree = "<group>"; };
		F48765F9215A1CB0003825FE /* EnterWalletKeysViewController.swift */ = {isa = PBXFileReference; lastKnownFileType = sourcecode.swift; path = EnterWalletKeysViewController.swift; sourceTree = "<group>"; };
		F48765FB215A1CBA003825FE /* EnterWalletKeysViewModel.swift */ = {isa = PBXFileReference; lastKnownFileType = sourcecode.swift; path = EnterWalletKeysViewModel.swift; sourceTree = "<group>"; };
		F48CEC08214B8D8600A43A47 /* WalletKeyStore.swift */ = {isa = PBXFileReference; lastKnownFileType = sourcecode.swift; path = WalletKeyStore.swift; sourceTree = "<group>"; };
		F48CEC0B214B931F00A43A47 /* HyperlootWallet.swift */ = {isa = PBXFileReference; lastKnownFileType = sourcecode.swift; path = HyperlootWallet.swift; sourceTree = "<group>"; };
		F48CEC0E214DD2B400A43A47 /* Dictionary+JSON.swift */ = {isa = PBXFileReference; lastKnownFileType = sourcecode.swift; path = "Dictionary+JSON.swift"; sourceTree = "<group>"; };
		F48CEC102150C7D100A43A47 /* HyperlootUser.swift */ = {isa = PBXFileReference; lastKnownFileType = sourcecode.swift; path = HyperlootUser.swift; sourceTree = "<group>"; };
		F48CEC122150CF2D00A43A47 /* UserManager.swift */ = {isa = PBXFileReference; lastKnownFileType = sourcecode.swift; path = UserManager.swift; sourceTree = "<group>"; };
		F48CEC192150DD5D00A43A47 /* LoginFlow.storyboard */ = {isa = PBXFileReference; lastKnownFileType = file.storyboard; path = LoginFlow.storyboard; sourceTree = "<group>"; };
		F48CEC1F2150DE6400A43A47 /* LoginFlowMainViewController.swift */ = {isa = PBXFileReference; lastKnownFileType = sourcecode.swift; path = LoginFlowMainViewController.swift; sourceTree = "<group>"; };
		F48CEC222150DFBF00A43A47 /* ScreenRoutes.swift */ = {isa = PBXFileReference; lastKnownFileType = sourcecode.swift; path = ScreenRoutes.swift; sourceTree = "<group>"; };
		F48CEC252150E02B00A43A47 /* Screens.swift */ = {isa = PBXFileReference; lastKnownFileType = sourcecode.swift; path = Screens.swift; sourceTree = "<group>"; };
		F48CEC2A2152C60800A43A47 /* HyperlootButton.swift */ = {isa = PBXFileReference; lastKnownFileType = sourcecode.swift; path = HyperlootButton.swift; sourceTree = "<group>"; };
		F4CB7CE82175ADA7006B6217 /* FormController.swift */ = {isa = PBXFileReference; lastKnownFileType = sourcecode.swift; path = FormController.swift; sourceTree = "<group>"; };
		F4CB7CEB21770BFC006B6217 /* EnterNicknameViewController.swift */ = {isa = PBXFileReference; lastKnownFileType = sourcecode.swift; path = EnterNicknameViewController.swift; sourceTree = "<group>"; };
		F4CB7CED21770C29006B6217 /* EnterNicknameViewModel.swift */ = {isa = PBXFileReference; lastKnownFileType = sourcecode.swift; path = EnterNicknameViewModel.swift; sourceTree = "<group>"; };
/* End PBXFileReference section */

/* Begin PBXFrameworksBuildPhase section */
		F44D72382146EC4000C651C6 /* Frameworks */ = {
			isa = PBXFrameworksBuildPhase;
			buildActionMask = 2147483647;
			files = (
				E552204F9D6FB5D03B25A858 /* Pods_CommonPods_HyperlootWallet.framework in Frameworks */,
			);
			runOnlyForDeploymentPostprocessing = 0;
		};
		F44D724C2146EC4300C651C6 /* Frameworks */ = {
			isa = PBXFrameworksBuildPhase;
			buildActionMask = 2147483647;
			files = (
			);
			runOnlyForDeploymentPostprocessing = 0;
		};
/* End PBXFrameworksBuildPhase section */

/* Begin PBXGroup section */
		22640D1AD6414294829812E9 /* Pods */ = {
			isa = PBXGroup;
			children = (
				7BB71749000FBA9E3F48A9EC /* Pods-CommonPods-HyperlootWallet.debug.xcconfig */,
				EE7FA6B138B5466D6184111E /* Pods-CommonPods-HyperlootWallet.release.xcconfig */,
				97E92B5CB48BB0618E939E0B /* Pods-CommonPods-HyperlootWallet.appstore.xcconfig */,
			);
			name = Pods;
			sourceTree = "<group>";
		};
		C2470E901D30850468868AB6 /* Frameworks */ = {
			isa = PBXGroup;
			children = (
				E0D833A387F7F56AF9A708ED /* Pods_CommonPods_HyperlootWallet.framework */,
			);
			name = Frameworks;
			sourceTree = "<group>";
		};
		F44D72322146EC4000C651C6 = {
			isa = PBXGroup;
			children = (
				F44D723D2146EC4000C651C6 /* HyperlootWallet */,
				F44D72522146EC4300C651C6 /* HyperlootWalletTests */,
				F44D723C2146EC4000C651C6 /* Products */,
				22640D1AD6414294829812E9 /* Pods */,
				C2470E901D30850468868AB6 /* Frameworks */,
			);
			sourceTree = "<group>";
		};
		F44D723C2146EC4000C651C6 /* Products */ = {
			isa = PBXGroup;
			children = (
				F44D723B2146EC4000C651C6 /* HyperlootWallet.app */,
				F44D724F2146EC4300C651C6 /* HyperlootWalletTests.xctest */,
			);
			name = Products;
			sourceTree = "<group>";
		};
		F44D723D2146EC4000C651C6 /* HyperlootWallet */ = {
			isa = PBXGroup;
			children = (
				F48765F5215A196A003825FE /* Extensions */,
				F48765F2215A06E2003825FE /* Helpers */,
				F48765E12158AE90003825FE /* Models */,
				F48CEC282152C5F000A43A47 /* UI */,
				F44D725E214A282E00C651C6 /* Hyperloot */,
				F44D723E2146EC4000C651C6 /* AppDelegate.swift */,
				F44D72452146EC4200C651C6 /* Assets.xcassets */,
				F44D72472146EC4200C651C6 /* LaunchScreen.storyboard */,
				F44D724A2146EC4200C651C6 /* Info.plist */,
			);
			path = HyperlootWallet;
			sourceTree = "<group>";
		};
		F44D72522146EC4300C651C6 /* HyperlootWalletTests */ = {
			isa = PBXGroup;
			children = (
				F44D72532146EC4300C651C6 /* HyperlootWalletTests.swift */,
				F44D72552146EC4300C651C6 /* Info.plist */,
			);
			path = HyperlootWalletTests;
			sourceTree = "<group>";
		};
		F44D725E214A282E00C651C6 /* Hyperloot */ = {
			isa = PBXGroup;
			children = (
				F48CEC0A214B931600A43A47 /* Models */,
				F48CEC0D214DD2A800A43A47 /* Extensions */,
				F44D7266214A2C5800C651C6 /* Wallet */,
				F44D7261214A298B00C651C6 /* Interfaces */,
				F44D725F214A292300C651C6 /* Hyperloot.swift */,
			);
			path = Hyperloot;
			sourceTree = "<group>";
		};
		F44D7261214A298B00C651C6 /* Interfaces */ = {
			isa = PBXGroup;
			children = (
				F44D7262214A29A100C651C6 /* HyperlootWalletManaging.swift */,
				F44D7264214A29AB00C651C6 /* HyperlootTokensManaging.swift */,
			);
			path = Interfaces;
			sourceTree = "<group>";
		};
		F44D7266214A2C5800C651C6 /* Wallet */ = {
			isa = PBXGroup;
			children = (
				F44D7267214A2C6D00C651C6 /* WalletManager.swift */,
				F48CEC08214B8D8600A43A47 /* WalletKeyStore.swift */,
				F48CEC122150CF2D00A43A47 /* UserManager.swift */,
			);
			path = Wallet;
			sourceTree = "<group>";
		};
		F466FCF221633CC800092CC4 /* WalletDashboard */ = {
			isa = PBXGroup;
			children = (
				F466FCF321633CDF00092CC4 /* WalletDashboardViewController.swift */,
				F466FCF521633D1900092CC4 /* WalletDashboardViewModel.swift */,
			);
			path = WalletDashboard;
			sourceTree = "<group>";
		};
		F466FD0321649ED800092CC4 /* TokenTransactions */ = {
			isa = PBXGroup;
			children = (
				F466FD0421649EF400092CC4 /* TokenTransactionsViewController.swift */,
				F466FD0621649EFE00092CC4 /* TokenTransactionsViewModel.swift */,
			);
			path = TokenTransactions;
			sourceTree = "<group>";
		};
		F466FD0C2165EE5600092CC4 /* TokenInfo */ = {
			isa = PBXGroup;
			children = (
				F466FD112165EEAD00092CC4 /* Views */,
				F466FD0D2165EE6A00092CC4 /* TokenInfoViewController.swift */,
				F466FD0F2165EE7400092CC4 /* TokenInfoViewModel.swift */,
			);
			path = TokenInfo;
			sourceTree = "<group>";
		};
		F466FD112165EEAD00092CC4 /* Views */ = {
			isa = PBXGroup;
			children = (
			);
			path = Views;
			sourceTree = "<group>";
		};
		F466FD1421669E9F00092CC4 /* Receive */ = {
			isa = PBXGroup;
			children = (
				F466FD1521669EB100092CC4 /* ReceiveViewController.swift */,
				F466FD1721669EBB00092CC4 /* ReceiveViewModel.swift */,
			);
			path = Receive;
			sourceTree = "<group>";
		};
		F466FD192167345600092CC4 /* Send */ = {
			isa = PBXGroup;
			children = (
				F466FD1E2167348A00092CC4 /* Views */,
				F466FD1A2167346500092CC4 /* SendViewController.swift */,
				F466FD1C2167347300092CC4 /* SendViewModel.swift */,
			);
			path = Send;
			sourceTree = "<group>";
		};
		F466FD1E2167348A00092CC4 /* Views */ = {
			isa = PBXGroup;
			children = (
				F466FD1F216734C600092CC4 /* SendTokenItemDetailsView.swift */,
				F466FD212167357400092CC4 /* SendTokenDetailsView.swift */,
				F475DB8A216B368E00B157BC /* SendTransactionSpeedView.swift */,
			);
			path = Views;
			sourceTree = "<group>";
		};
		F48765E12158AE90003825FE /* Models */ = {
			isa = PBXGroup;
			children = (
				F48765E22158AE9F003825FE /* UserRegistrationFlow.swift */,
			);
			path = Models;
			sourceTree = "<group>";
		};
		F48765E42158B4E2003825FE /* EnterEmail */ = {
			isa = PBXGroup;
			children = (
				F48765E52158B4F3003825FE /* EnterEmailViewController.swift */,
				F48765E7215951FF003825FE /* EnterEmailViewModel.swift */,
			);
			path = EnterEmail;
			sourceTree = "<group>";
		};
		F48765ED215A026F003825FE /* EnterPassword */ = {
			isa = PBXGroup;
			children = (
				F48765EE215A027E003825FE /* EnterPasswordViewController.swift */,
				F48765F0215A039E003825FE /* EnterPasswordViewModel.swift */,
			);
			path = EnterPassword;
			sourceTree = "<group>";
		};
		F48765F2215A06E2003825FE /* Helpers */ = {
			isa = PBXGroup;
			children = (
				F48765F3215A06EC003825FE /* StringHelper.swift */,
				F466FD1221669DEB00092CC4 /* QRCodeImageGenerator.swift */,
			);
			path = Helpers;
			sourceTree = "<group>";
		};
		F48765F5215A196A003825FE /* Extensions */ = {
			isa = PBXGroup;
			children = (
				F48765F6215A1980003825FE /* UIViewController+ScreenRoutes.swift */,
				F466FCDC215DFCDC00092CC4 /* ReplaceRootSegue.swift */,
				F466FCFF216348BE00092CC4 /* Bundle+Nib.swift */,
				F466FD012163497400092CC4 /* UIView+Extensions.swift */,
			);
			path = Extensions;
			sourceTree = "<group>";
		};
		F48765F8215A1C9D003825FE /* EnterWalletKeys */ = {
			isa = PBXGroup;
			children = (
				F48765F9215A1CB0003825FE /* EnterWalletKeysViewController.swift */,
				F48765FB215A1CBA003825FE /* EnterWalletKeysViewModel.swift */,
			);
			path = EnterWalletKeys;
			sourceTree = "<group>";
		};
		F48CEC0A214B931600A43A47 /* Models */ = {
			isa = PBXGroup;
			children = (
				F48CEC0B214B931F00A43A47 /* HyperlootWallet.swift */,
				F48CEC102150C7D100A43A47 /* HyperlootUser.swift */,
				F466FCF721633E2300092CC4 /* HyperlootToken.swift */,
				F466FD0A2164A68300092CC4 /* HyperlootTransaction.swift */,
				F475DB8C216C6A5900B157BC /* HyperlootNickname.swift */,
			);
			path = Models;
			sourceTree = "<group>";
		};
		F48CEC0D214DD2A800A43A47 /* Extensions */ = {
			isa = PBXGroup;
			children = (
				F48CEC0E214DD2B400A43A47 /* Dictionary+JSON.swift */,
			);
			path = Extensions;
			sourceTree = "<group>";
		};
		F48CEC142150DD1100A43A47 /* Screens */ = {
			isa = PBXGroup;
			children = (
				F466FD192167345600092CC4 /* Send */,
				F466FD1421669E9F00092CC4 /* Receive */,
				F466FD0C2165EE5600092CC4 /* TokenInfo */,
				F466FD0321649ED800092CC4 /* TokenTransactions */,
				F466FCF221633CC800092CC4 /* WalletDashboard */,
				F48765F8215A1C9D003825FE /* EnterWalletKeys */,
				F48765ED215A026F003825FE /* EnterPassword */,
				F4CB7CEA21770BDC006B6217 /* EnterNickname */,
				F48765E42158B4E2003825FE /* EnterEmail */,
				F48CEC212150DFB000A43A47 /* Common */,
				F48CEC1E2150DE5300A43A47 /* LoginFlowMain */,
				F48CEC172150DD2F00A43A47 /* Splash */,
				F44D72422146EC4000C651C6 /* Main.storyboard */,
				F48CEC192150DD5D00A43A47 /* LoginFlow.storyboard */,
				F466FCDE215DFE6B00092CC4 /* Wallet.storyboard */,
			);
			path = Screens;
			sourceTree = "<group>";
		};
		F48CEC172150DD2F00A43A47 /* Splash */ = {
			isa = PBXGroup;
			children = (
				F44D72402146EC4000C651C6 /* SplashViewController.swift */,
				F466FCE0215DFFE900092CC4 /* SplashViewModel.swift */,
			);
			path = Splash;
			sourceTree = "<group>";
		};
		F48CEC1E2150DE5300A43A47 /* LoginFlowMain */ = {
			isa = PBXGroup;
			children = (
				F48CEC1F2150DE6400A43A47 /* LoginFlowMainViewController.swift */,
			);
			path = LoginFlowMain;
			sourceTree = "<group>";
		};
		F48CEC212150DFB000A43A47 /* Common */ = {
			isa = PBXGroup;
			children = (
				F48CEC222150DFBF00A43A47 /* ScreenRoutes.swift */,
				F48CEC252150E02B00A43A47 /* Screens.swift */,
			);
			path = Common;
			sourceTree = "<group>";
		};
		F48CEC282152C5F000A43A47 /* UI */ = {
			isa = PBXGroup;
			children = (
				F48CEC292152C5F800A43A47 /* Components */,
				F48CEC142150DD1100A43A47 /* Screens */,
			);
			path = UI;
			sourceTree = "<group>";
		};
		F48CEC292152C5F800A43A47 /* Components */ = {
			isa = PBXGroup;
			children = (
				F48CEC2A2152C60800A43A47 /* HyperlootButton.swift */,
				F48765E9215952B3003825FE /* RegistrationErrorView.swift */,
				F466FCEC2163349C00092CC4 /* DashboardTokenInfoSectionView.swift */,
				F466FCF02163354200092CC4 /* DashboardTokenInfoSectionView.xib */,
				F466FCE821617FA000092CC4 /* DashboardTokenItemInfoTableCell.swift */,
				F466FCEE216334A800092CC4 /* DashboardTokenItemInfoTableCell.xib */,
				F466FD082164A4D200092CC4 /* TransactionTableCell.swift */,
				F4CB7CE82175ADA7006B6217 /* FormController.swift */,
			);
			path = Components;
			sourceTree = "<group>";
		};
		F4CB7CEA21770BDC006B6217 /* EnterNickname */ = {
			isa = PBXGroup;
			children = (
				F4CB7CEB21770BFC006B6217 /* EnterNicknameViewController.swift */,
				F4CB7CED21770C29006B6217 /* EnterNicknameViewModel.swift */,
			);
			path = EnterNickname;
			sourceTree = "<group>";
		};
/* End PBXGroup section */

/* Begin PBXNativeTarget section */
		F44D723A2146EC4000C651C6 /* HyperlootWallet */ = {
			isa = PBXNativeTarget;
			buildConfigurationList = F44D72582146EC4300C651C6 /* Build configuration list for PBXNativeTarget "HyperlootWallet" */;
			buildPhases = (
				C22DDEFA7D515FCC3AB672CB /* [CP] Check Pods Manifest.lock */,
				F44D72372146EC4000C651C6 /* Sources */,
				F44D72382146EC4000C651C6 /* Frameworks */,
				F44D72392146EC4000C651C6 /* Resources */,
				B37E7215859A5D2B725DA4D7 /* [CP] Embed Pods Frameworks */,
			);
			buildRules = (
			);
			dependencies = (
			);
			name = HyperlootWallet;
			productName = HyperlootWallet;
			productReference = F44D723B2146EC4000C651C6 /* HyperlootWallet.app */;
			productType = "com.apple.product-type.application";
		};
		F44D724E2146EC4300C651C6 /* HyperlootWalletTests */ = {
			isa = PBXNativeTarget;
			buildConfigurationList = F44D725B2146EC4300C651C6 /* Build configuration list for PBXNativeTarget "HyperlootWalletTests" */;
			buildPhases = (
				F44D724B2146EC4300C651C6 /* Sources */,
				F44D724C2146EC4300C651C6 /* Frameworks */,
				F44D724D2146EC4300C651C6 /* Resources */,
			);
			buildRules = (
			);
			dependencies = (
				F44D72512146EC4300C651C6 /* PBXTargetDependency */,
			);
			name = HyperlootWalletTests;
			productName = HyperlootWalletTests;
			productReference = F44D724F2146EC4300C651C6 /* HyperlootWalletTests.xctest */;
			productType = "com.apple.product-type.bundle.unit-test";
		};
/* End PBXNativeTarget section */

/* Begin PBXProject section */
		F44D72332146EC4000C651C6 /* Project object */ = {
			isa = PBXProject;
			attributes = {
				LastSwiftUpdateCheck = 0940;
				LastUpgradeCheck = 0940;
				ORGANIZATIONNAME = "Hyperloot DAO";
				TargetAttributes = {
					F44D723A2146EC4000C651C6 = {
						CreatedOnToolsVersion = 9.4;
					};
					F44D724E2146EC4300C651C6 = {
						CreatedOnToolsVersion = 9.4;
						TestTargetID = F44D723A2146EC4000C651C6;
					};
				};
			};
			buildConfigurationList = F44D72362146EC4000C651C6 /* Build configuration list for PBXProject "HyperlootWallet" */;
			compatibilityVersion = "Xcode 9.3";
			developmentRegion = en;
			hasScannedForEncodings = 0;
			knownRegions = (
				en,
				Base,
			);
			mainGroup = F44D72322146EC4000C651C6;
			productRefGroup = F44D723C2146EC4000C651C6 /* Products */;
			projectDirPath = "";
			projectRoot = "";
			targets = (
				F44D723A2146EC4000C651C6 /* HyperlootWallet */,
				F44D724E2146EC4300C651C6 /* HyperlootWalletTests */,
			);
		};
/* End PBXProject section */

/* Begin PBXResourcesBuildPhase section */
		F44D72392146EC4000C651C6 /* Resources */ = {
			isa = PBXResourcesBuildPhase;
			buildActionMask = 2147483647;
			files = (
				F466FCEF216334A800092CC4 /* DashboardTokenItemInfoTableCell.xib in Resources */,
				F48CEC1A2150DD5D00A43A47 /* LoginFlow.storyboard in Resources */,
				F466FCDF215DFE6B00092CC4 /* Wallet.storyboard in Resources */,
				F466FCF12163354200092CC4 /* DashboardTokenInfoSectionView.xib in Resources */,
				F44D72492146EC4200C651C6 /* LaunchScreen.storyboard in Resources */,
				F44D72462146EC4200C651C6 /* Assets.xcassets in Resources */,
				F44D72442146EC4000C651C6 /* Main.storyboard in Resources */,
			);
			runOnlyForDeploymentPostprocessing = 0;
		};
		F44D724D2146EC4300C651C6 /* Resources */ = {
			isa = PBXResourcesBuildPhase;
			buildActionMask = 2147483647;
			files = (
			);
			runOnlyForDeploymentPostprocessing = 0;
		};
/* End PBXResourcesBuildPhase section */

/* Begin PBXShellScriptBuildPhase section */
		B37E7215859A5D2B725DA4D7 /* [CP] Embed Pods Frameworks */ = {
			isa = PBXShellScriptBuildPhase;
			buildActionMask = 2147483647;
			files = (
			);
			inputPaths = (
				"${SRCROOT}/Pods/Target Support Files/Pods-CommonPods-HyperlootWallet/Pods-CommonPods-HyperlootWallet-frameworks.sh",
				"${BUILT_PRODUCTS_DIR}/Alamofire/Alamofire.framework",
				"${BUILT_PRODUCTS_DIR}/AlamofireImage/AlamofireImage.framework",
				"${BUILT_PRODUCTS_DIR}/AlamofireObjectMapper/AlamofireObjectMapper.framework",
				"${BUILT_PRODUCTS_DIR}/BigInt/BigInt.framework",
				"${BUILT_PRODUCTS_DIR}/CryptoSwift/CryptoSwift.framework",
				"${BUILT_PRODUCTS_DIR}/JSONRPCKit/JSONRPCKit.framework",
				"${BUILT_PRODUCTS_DIR}/KeychainSwift/KeychainSwift.framework",
				"${BUILT_PRODUCTS_DIR}/MBProgressHUD/MBProgressHUD.framework",
				"${BUILT_PRODUCTS_DIR}/ObjectMapper/ObjectMapper.framework",
				"${BUILT_PRODUCTS_DIR}/QRCodeReaderViewController/QRCodeReaderViewController.framework",
				"${BUILT_PRODUCTS_DIR}/Result/Result.framework",
				"${BUILT_PRODUCTS_DIR}/SAMKeychain/SAMKeychain.framework",
				"${BUILT_PRODUCTS_DIR}/SipHash/SipHash.framework",
				"${BUILT_PRODUCTS_DIR}/TrezorCrypto/TrezorCrypto.framework",
				"${BUILT_PRODUCTS_DIR}/TrustCore/TrustCore.framework",
				"${BUILT_PRODUCTS_DIR}/TrustKeystore/TrustKeystore.framework",
			);
			name = "[CP] Embed Pods Frameworks";
			outputPaths = (
				"${TARGET_BUILD_DIR}/${FRAMEWORKS_FOLDER_PATH}/Alamofire.framework",
				"${TARGET_BUILD_DIR}/${FRAMEWORKS_FOLDER_PATH}/AlamofireImage.framework",
				"${TARGET_BUILD_DIR}/${FRAMEWORKS_FOLDER_PATH}/AlamofireObjectMapper.framework",
				"${TARGET_BUILD_DIR}/${FRAMEWORKS_FOLDER_PATH}/BigInt.framework",
				"${TARGET_BUILD_DIR}/${FRAMEWORKS_FOLDER_PATH}/CryptoSwift.framework",
				"${TARGET_BUILD_DIR}/${FRAMEWORKS_FOLDER_PATH}/JSONRPCKit.framework",
				"${TARGET_BUILD_DIR}/${FRAMEWORKS_FOLDER_PATH}/KeychainSwift.framework",
				"${TARGET_BUILD_DIR}/${FRAMEWORKS_FOLDER_PATH}/MBProgressHUD.framework",
				"${TARGET_BUILD_DIR}/${FRAMEWORKS_FOLDER_PATH}/ObjectMapper.framework",
				"${TARGET_BUILD_DIR}/${FRAMEWORKS_FOLDER_PATH}/QRCodeReaderViewController.framework",
				"${TARGET_BUILD_DIR}/${FRAMEWORKS_FOLDER_PATH}/Result.framework",
				"${TARGET_BUILD_DIR}/${FRAMEWORKS_FOLDER_PATH}/SAMKeychain.framework",
				"${TARGET_BUILD_DIR}/${FRAMEWORKS_FOLDER_PATH}/SipHash.framework",
				"${TARGET_BUILD_DIR}/${FRAMEWORKS_FOLDER_PATH}/TrezorCrypto.framework",
				"${TARGET_BUILD_DIR}/${FRAMEWORKS_FOLDER_PATH}/TrustCore.framework",
				"${TARGET_BUILD_DIR}/${FRAMEWORKS_FOLDER_PATH}/TrustKeystore.framework",
			);
			runOnlyForDeploymentPostprocessing = 0;
			shellPath = /bin/sh;
			shellScript = "\"${SRCROOT}/Pods/Target Support Files/Pods-CommonPods-HyperlootWallet/Pods-CommonPods-HyperlootWallet-frameworks.sh\"\n";
			showEnvVarsInLog = 0;
		};
		C22DDEFA7D515FCC3AB672CB /* [CP] Check Pods Manifest.lock */ = {
			isa = PBXShellScriptBuildPhase;
			buildActionMask = 2147483647;
			files = (
			);
			inputPaths = (
				"${PODS_PODFILE_DIR_PATH}/Podfile.lock",
				"${PODS_ROOT}/Manifest.lock",
			);
			name = "[CP] Check Pods Manifest.lock";
			outputPaths = (
				"$(DERIVED_FILE_DIR)/Pods-CommonPods-HyperlootWallet-checkManifestLockResult.txt",
			);
			runOnlyForDeploymentPostprocessing = 0;
			shellPath = /bin/sh;
			shellScript = "diff \"${PODS_PODFILE_DIR_PATH}/Podfile.lock\" \"${PODS_ROOT}/Manifest.lock\" > /dev/null\nif [ $? != 0 ] ; then\n    # print error to STDERR\n    echo \"error: The sandbox is not in sync with the Podfile.lock. Run 'pod install' or update your CocoaPods installation.\" >&2\n    exit 1\nfi\n# This output is used by Xcode 'outputs' to avoid re-running this script phase.\necho \"SUCCESS\" > \"${SCRIPT_OUTPUT_FILE_0}\"\n";
			showEnvVarsInLog = 0;
		};
/* End PBXShellScriptBuildPhase section */

/* Begin PBXSourcesBuildPhase section */
		F44D72372146EC4000C651C6 /* Sources */ = {
			isa = PBXSourcesBuildPhase;
			buildActionMask = 2147483647;
			files = (
				F48765E32158AE9F003825FE /* UserRegistrationFlow.swift in Sources */,
				F48CEC0F214DD2B400A43A47 /* Dictionary+JSON.swift in Sources */,
				F48765F4215A06EC003825FE /* StringHelper.swift in Sources */,
				F48765F7215A1980003825FE /* UIViewController+ScreenRoutes.swift in Sources */,
				F466FD1621669EB100092CC4 /* ReceiveViewController.swift in Sources */,
				F4CB7CEC21770BFC006B6217 /* EnterNicknameViewController.swift in Sources */,
				F475DB8B216B368E00B157BC /* SendTransactionSpeedView.swift in Sources */,
				F44D7268214A2C6D00C651C6 /* WalletManager.swift in Sources */,
				F48CEC2B2152C60800A43A47 /* HyperlootButton.swift in Sources */,
				F466FD0721649EFE00092CC4 /* TokenTransactionsViewModel.swift in Sources */,
				F4CB7CE92175ADA7006B6217 /* FormController.swift in Sources */,
				F466FD1B2167346500092CC4 /* SendViewController.swift in Sources */,
				F466FD0B2164A68300092CC4 /* HyperlootTransaction.swift in Sources */,
				F466FD1821669EBB00092CC4 /* ReceiveViewModel.swift in Sources */,
				F466FCF621633D1900092CC4 /* WalletDashboardViewModel.swift in Sources */,
				F466FD092164A4D200092CC4 /* TransactionTableCell.swift in Sources */,
				F44D72412146EC4000C651C6 /* SplashViewController.swift in Sources */,
				F48765EA215952B3003825FE /* RegistrationErrorView.swift in Sources */,
				F466FD102165EE7400092CC4 /* TokenInfoViewModel.swift in Sources */,
				F466FD00216348BE00092CC4 /* Bundle+Nib.swift in Sources */,
				F466FCF421633CDF00092CC4 /* WalletDashboardViewController.swift in Sources */,
				F466FCDD215DFCDC00092CC4 /* ReplaceRootSegue.swift in Sources */,
				F44D7263214A29A100C651C6 /* HyperlootWalletManaging.swift in Sources */,
				F44D7265214A29AB00C651C6 /* HyperlootTokensManaging.swift in Sources */,
				F48765EF215A027E003825FE /* EnterPasswordViewController.swift in Sources */,
				F466FD0521649EF400092CC4 /* TokenTransactionsViewController.swift in Sources */,
				F466FCE1215DFFE900092CC4 /* SplashViewModel.swift in Sources */,
				F466FD0E2165EE6A00092CC4 /* TokenInfoViewController.swift in Sources */,
				F48CEC232150DFBF00A43A47 /* ScreenRoutes.swift in Sources */,
				F48CEC262150E02B00A43A47 /* Screens.swift in Sources */,
				F48CEC112150C7D100A43A47 /* HyperlootUser.swift in Sources */,
				F4CB7CEE21770C2A006B6217 /* EnterNicknameViewModel.swift in Sources */,
				F466FCED2163349C00092CC4 /* DashboardTokenInfoSectionView.swift in Sources */,
				F466FD1D2167347300092CC4 /* SendViewModel.swift in Sources */,
				F466FD1321669DEB00092CC4 /* QRCodeImageGenerator.swift in Sources */,
				F48765F1215A039E003825FE /* EnterPasswordViewModel.swift in Sources */,
				F48765E8215951FF003825FE /* EnterEmailViewModel.swift in Sources */,
				F48765FA215A1CB0003825FE /* EnterWalletKeysViewController.swift in Sources */,
				F466FD022163497400092CC4 /* UIView+Extensions.swift in Sources */,
				F48CEC202150DE6400A43A47 /* LoginFlowMainViewController.swift in Sources */,
				F475DB8D216C6A5900B157BC /* HyperlootNickname.swift in Sources */,
				F466FCF821633E2300092CC4 /* HyperlootToken.swift in Sources */,
				F466FCE921617FA000092CC4 /* DashboardTokenItemInfoTableCell.swift in Sources */,
				F48CEC0C214B931F00A43A47 /* HyperlootWallet.swift in Sources */,
				F44D7260214A292300C651C6 /* Hyperloot.swift in Sources */,
				F48CEC09214B8D8600A43A47 /* WalletKeyStore.swift in Sources */,
				F466FD222167357400092CC4 /* SendTokenDetailsView.swift in Sources */,
				F48765FC215A1CBA003825FE /* EnterWalletKeysViewModel.swift in Sources */,
				F466FD20216734C600092CC4 /* SendTokenItemDetailsView.swift in Sources */,
				F48765E62158B4F3003825FE /* EnterEmailViewController.swift in Sources */,
				F48CEC132150CF2D00A43A47 /* UserManager.swift in Sources */,
				F44D723F2146EC4000C651C6 /* AppDelegate.swift in Sources */,
			);
			runOnlyForDeploymentPostprocessing = 0;
		};
		F44D724B2146EC4300C651C6 /* Sources */ = {
			isa = PBXSourcesBuildPhase;
			buildActionMask = 2147483647;
			files = (
				F44D72542146EC4300C651C6 /* HyperlootWalletTests.swift in Sources */,
			);
			runOnlyForDeploymentPostprocessing = 0;
		};
/* End PBXSourcesBuildPhase section */

/* Begin PBXTargetDependency section */
		F44D72512146EC4300C651C6 /* PBXTargetDependency */ = {
			isa = PBXTargetDependency;
			target = F44D723A2146EC4000C651C6 /* HyperlootWallet */;
			targetProxy = F44D72502146EC4300C651C6 /* PBXContainerItemProxy */;
		};
/* End PBXTargetDependency section */

/* Begin PBXVariantGroup section */
		F44D72422146EC4000C651C6 /* Main.storyboard */ = {
			isa = PBXVariantGroup;
			children = (
				F44D72432146EC4000C651C6 /* Base */,
			);
			name = Main.storyboard;
			sourceTree = "<group>";
		};
		F44D72472146EC4200C651C6 /* LaunchScreen.storyboard */ = {
			isa = PBXVariantGroup;
			children = (
				F44D72482146EC4200C651C6 /* Base */,
			);
			name = LaunchScreen.storyboard;
			sourceTree = "<group>";
		};
/* End PBXVariantGroup section */

/* Begin XCBuildConfiguration section */
		F44D72562146EC4300C651C6 /* Debug */ = {
			isa = XCBuildConfiguration;
			buildSettings = {
				ALWAYS_SEARCH_USER_PATHS = NO;
				CLANG_ANALYZER_NONNULL = YES;
				CLANG_ANALYZER_NUMBER_OBJECT_CONVERSION = YES_AGGRESSIVE;
				CLANG_CXX_LANGUAGE_STANDARD = "gnu++14";
				CLANG_CXX_LIBRARY = "libc++";
				CLANG_ENABLE_MODULES = YES;
				CLANG_ENABLE_OBJC_ARC = YES;
				CLANG_ENABLE_OBJC_WEAK = YES;
				CLANG_WARN_BLOCK_CAPTURE_AUTORELEASING = YES;
				CLANG_WARN_BOOL_CONVERSION = YES;
				CLANG_WARN_COMMA = YES;
				CLANG_WARN_CONSTANT_CONVERSION = YES;
				CLANG_WARN_DEPRECATED_OBJC_IMPLEMENTATIONS = YES;
				CLANG_WARN_DIRECT_OBJC_ISA_USAGE = YES_ERROR;
				CLANG_WARN_DOCUMENTATION_COMMENTS = YES;
				CLANG_WARN_EMPTY_BODY = YES;
				CLANG_WARN_ENUM_CONVERSION = YES;
				CLANG_WARN_INFINITE_RECURSION = YES;
				CLANG_WARN_INT_CONVERSION = YES;
				CLANG_WARN_NON_LITERAL_NULL_CONVERSION = YES;
				CLANG_WARN_OBJC_IMPLICIT_RETAIN_SELF = YES;
				CLANG_WARN_OBJC_LITERAL_CONVERSION = YES;
				CLANG_WARN_OBJC_ROOT_CLASS = YES_ERROR;
				CLANG_WARN_RANGE_LOOP_ANALYSIS = YES;
				CLANG_WARN_STRICT_PROTOTYPES = YES;
				CLANG_WARN_SUSPICIOUS_MOVE = YES;
				CLANG_WARN_UNGUARDED_AVAILABILITY = YES_AGGRESSIVE;
				CLANG_WARN_UNREACHABLE_CODE = YES;
				CLANG_WARN__DUPLICATE_METHOD_MATCH = YES;
				CODE_SIGN_IDENTITY = "iPhone Developer";
				COPY_PHASE_STRIP = NO;
				DEBUG_INFORMATION_FORMAT = dwarf;
				ENABLE_STRICT_OBJC_MSGSEND = YES;
				ENABLE_TESTABILITY = YES;
				GCC_C_LANGUAGE_STANDARD = gnu11;
				GCC_DYNAMIC_NO_PIC = NO;
				GCC_NO_COMMON_BLOCKS = YES;
				GCC_OPTIMIZATION_LEVEL = 0;
				GCC_PREPROCESSOR_DEFINITIONS = (
					"DEBUG=1",
					"$(inherited)",
				);
				GCC_WARN_64_TO_32_BIT_CONVERSION = YES;
				GCC_WARN_ABOUT_RETURN_TYPE = YES_ERROR;
				GCC_WARN_UNDECLARED_SELECTOR = YES;
				GCC_WARN_UNINITIALIZED_AUTOS = YES_AGGRESSIVE;
				GCC_WARN_UNUSED_FUNCTION = YES;
				GCC_WARN_UNUSED_VARIABLE = YES;
				IPHONEOS_DEPLOYMENT_TARGET = 11.4;
				MTL_ENABLE_DEBUG_INFO = YES;
				ONLY_ACTIVE_ARCH = YES;
				SDKROOT = iphoneos;
				SWIFT_ACTIVE_COMPILATION_CONDITIONS = DEBUG;
				SWIFT_OPTIMIZATION_LEVEL = "-Onone";
			};
			name = Debug;
		};
		F44D72572146EC4300C651C6 /* Release */ = {
			isa = XCBuildConfiguration;
			buildSettings = {
				ALWAYS_SEARCH_USER_PATHS = NO;
				CLANG_ANALYZER_NONNULL = YES;
				CLANG_ANALYZER_NUMBER_OBJECT_CONVERSION = YES_AGGRESSIVE;
				CLANG_CXX_LANGUAGE_STANDARD = "gnu++14";
				CLANG_CXX_LIBRARY = "libc++";
				CLANG_ENABLE_MODULES = YES;
				CLANG_ENABLE_OBJC_ARC = YES;
				CLANG_ENABLE_OBJC_WEAK = YES;
				CLANG_WARN_BLOCK_CAPTURE_AUTORELEASING = YES;
				CLANG_WARN_BOOL_CONVERSION = YES;
				CLANG_WARN_COMMA = YES;
				CLANG_WARN_CONSTANT_CONVERSION = YES;
				CLANG_WARN_DEPRECATED_OBJC_IMPLEMENTATIONS = YES;
				CLANG_WARN_DIRECT_OBJC_ISA_USAGE = YES_ERROR;
				CLANG_WARN_DOCUMENTATION_COMMENTS = YES;
				CLANG_WARN_EMPTY_BODY = YES;
				CLANG_WARN_ENUM_CONVERSION = YES;
				CLANG_WARN_INFINITE_RECURSION = YES;
				CLANG_WARN_INT_CONVERSION = YES;
				CLANG_WARN_NON_LITERAL_NULL_CONVERSION = YES;
				CLANG_WARN_OBJC_IMPLICIT_RETAIN_SELF = YES;
				CLANG_WARN_OBJC_LITERAL_CONVERSION = YES;
				CLANG_WARN_OBJC_ROOT_CLASS = YES_ERROR;
				CLANG_WARN_RANGE_LOOP_ANALYSIS = YES;
				CLANG_WARN_STRICT_PROTOTYPES = YES;
				CLANG_WARN_SUSPICIOUS_MOVE = YES;
				CLANG_WARN_UNGUARDED_AVAILABILITY = YES_AGGRESSIVE;
				CLANG_WARN_UNREACHABLE_CODE = YES;
				CLANG_WARN__DUPLICATE_METHOD_MATCH = YES;
				CODE_SIGN_IDENTITY = "iPhone Developer";
				COPY_PHASE_STRIP = NO;
				DEBUG_INFORMATION_FORMAT = "dwarf-with-dsym";
				ENABLE_NS_ASSERTIONS = NO;
				ENABLE_STRICT_OBJC_MSGSEND = YES;
				GCC_C_LANGUAGE_STANDARD = gnu11;
				GCC_NO_COMMON_BLOCKS = YES;
				GCC_WARN_64_TO_32_BIT_CONVERSION = YES;
				GCC_WARN_ABOUT_RETURN_TYPE = YES_ERROR;
				GCC_WARN_UNDECLARED_SELECTOR = YES;
				GCC_WARN_UNINITIALIZED_AUTOS = YES_AGGRESSIVE;
				GCC_WARN_UNUSED_FUNCTION = YES;
				GCC_WARN_UNUSED_VARIABLE = YES;
				IPHONEOS_DEPLOYMENT_TARGET = 11.4;
				MTL_ENABLE_DEBUG_INFO = NO;
				SDKROOT = iphoneos;
				SWIFT_COMPILATION_MODE = wholemodule;
				SWIFT_OPTIMIZATION_LEVEL = "-O";
				VALIDATE_PRODUCT = YES;
			};
			name = Release;
		};
		F44D72592146EC4300C651C6 /* Debug */ = {
			isa = XCBuildConfiguration;
			baseConfigurationReference = 7BB71749000FBA9E3F48A9EC /* Pods-CommonPods-HyperlootWallet.debug.xcconfig */;
			buildSettings = {
				ASSETCATALOG_COMPILER_APPICON_NAME = AppIcon;
				CODE_SIGN_STYLE = Manual;
				DEVELOPMENT_TEAM = T2K4Q7V76Y;
				INFOPLIST_FILE = HyperlootWallet/Info.plist;
				IPHONEOS_DEPLOYMENT_TARGET = 10.0;
				LD_RUNPATH_SEARCH_PATHS = (
					"$(inherited)",
					"@executable_path/Frameworks",
				);
				PRODUCT_BUNDLE_IDENTIFIER = com.hyperloot.wallet;
				PRODUCT_NAME = "$(TARGET_NAME)";
				PROVISIONING_PROFILE = "99428b7f-8d60-4ca7-987c-948e9e16fcbd";
				PROVISIONING_PROFILE_SPECIFIER = "Hyperloot Wallet Dev";
				SWIFT_VERSION = 4.0;
				TARGETED_DEVICE_FAMILY = 1;
			};
			name = Debug;
		};
		F44D725A2146EC4300C651C6 /* Release */ = {
			isa = XCBuildConfiguration;
			baseConfigurationReference = EE7FA6B138B5466D6184111E /* Pods-CommonPods-HyperlootWallet.release.xcconfig */;
			buildSettings = {
				ASSETCATALOG_COMPILER_APPICON_NAME = AppIcon;
				CODE_SIGN_IDENTITY = "iPhone Developer";
				CODE_SIGN_STYLE = Manual;
				DEVELOPMENT_TEAM = T2K4Q7V76Y;
				INFOPLIST_FILE = HyperlootWallet/Info.plist;
				IPHONEOS_DEPLOYMENT_TARGET = 10.0;
				LD_RUNPATH_SEARCH_PATHS = (
					"$(inherited)",
					"@executable_path/Frameworks",
				);
				PRODUCT_BUNDLE_IDENTIFIER = com.hyperloot.wallet;
				PRODUCT_NAME = "$(TARGET_NAME)";
				PROVISIONING_PROFILE = "99428b7f-8d60-4ca7-987c-948e9e16fcbd";
				PROVISIONING_PROFILE_SPECIFIER = "Hyperloot Wallet Dev";
				SWIFT_VERSION = 4.0;
				TARGETED_DEVICE_FAMILY = 1;
			};
			name = Release;
		};
		F44D725C2146EC4300C651C6 /* Debug */ = {
			isa = XCBuildConfiguration;
			buildSettings = {
				ALWAYS_EMBED_SWIFT_STANDARD_LIBRARIES = YES;
				BUNDLE_LOADER = "$(TEST_HOST)";
				CODE_SIGN_STYLE = Automatic;
				INFOPLIST_FILE = HyperlootWalletTests/Info.plist;
				LD_RUNPATH_SEARCH_PATHS = (
					"$(inherited)",
					"@executable_path/Frameworks",
					"@loader_path/Frameworks",
				);
				PRODUCT_BUNDLE_IDENTIFIER = com.hyperloot.HyperlootWalletTests;
				PRODUCT_NAME = "$(TARGET_NAME)";
				SWIFT_VERSION = 4.0;
				TARGETED_DEVICE_FAMILY = "1,2";
				TEST_HOST = "$(BUILT_PRODUCTS_DIR)/HyperlootWallet.app/HyperlootWallet";
			};
			name = Debug;
		};
		F44D725D2146EC4300C651C6 /* Release */ = {
			isa = XCBuildConfiguration;
			buildSettings = {
				ALWAYS_EMBED_SWIFT_STANDARD_LIBRARIES = YES;
				BUNDLE_LOADER = "$(TEST_HOST)";
				CODE_SIGN_STYLE = Automatic;
				INFOPLIST_FILE = HyperlootWalletTests/Info.plist;
				LD_RUNPATH_SEARCH_PATHS = (
					"$(inherited)",
					"@executable_path/Frameworks",
					"@loader_path/Frameworks",
				);
				PRODUCT_BUNDLE_IDENTIFIER = com.hyperloot.HyperlootWalletTests;
				PRODUCT_NAME = "$(TARGET_NAME)";
				SWIFT_VERSION = 4.0;
				TARGETED_DEVICE_FAMILY = "1,2";
				TEST_HOST = "$(BUILT_PRODUCTS_DIR)/HyperlootWallet.app/HyperlootWallet";
			};
			name = Release;
		};
		F475DB8E216D4AF600B157BC /* AppStore */ = {
			isa = XCBuildConfiguration;
			buildSettings = {
				ALWAYS_SEARCH_USER_PATHS = NO;
				CLANG_ANALYZER_NONNULL = YES;
				CLANG_ANALYZER_NUMBER_OBJECT_CONVERSION = YES_AGGRESSIVE;
				CLANG_CXX_LANGUAGE_STANDARD = "gnu++14";
				CLANG_CXX_LIBRARY = "libc++";
				CLANG_ENABLE_MODULES = YES;
				CLANG_ENABLE_OBJC_ARC = YES;
				CLANG_ENABLE_OBJC_WEAK = YES;
				CLANG_WARN_BLOCK_CAPTURE_AUTORELEASING = YES;
				CLANG_WARN_BOOL_CONVERSION = YES;
				CLANG_WARN_COMMA = YES;
				CLANG_WARN_CONSTANT_CONVERSION = YES;
				CLANG_WARN_DEPRECATED_OBJC_IMPLEMENTATIONS = YES;
				CLANG_WARN_DIRECT_OBJC_ISA_USAGE = YES_ERROR;
				CLANG_WARN_DOCUMENTATION_COMMENTS = YES;
				CLANG_WARN_EMPTY_BODY = YES;
				CLANG_WARN_ENUM_CONVERSION = YES;
				CLANG_WARN_INFINITE_RECURSION = YES;
				CLANG_WARN_INT_CONVERSION = YES;
				CLANG_WARN_NON_LITERAL_NULL_CONVERSION = YES;
				CLANG_WARN_OBJC_IMPLICIT_RETAIN_SELF = YES;
				CLANG_WARN_OBJC_LITERAL_CONVERSION = YES;
				CLANG_WARN_OBJC_ROOT_CLASS = YES_ERROR;
				CLANG_WARN_RANGE_LOOP_ANALYSIS = YES;
				CLANG_WARN_STRICT_PROTOTYPES = YES;
				CLANG_WARN_SUSPICIOUS_MOVE = YES;
				CLANG_WARN_UNGUARDED_AVAILABILITY = YES_AGGRESSIVE;
				CLANG_WARN_UNREACHABLE_CODE = YES;
				CLANG_WARN__DUPLICATE_METHOD_MATCH = YES;
				CODE_SIGN_IDENTITY = "iPhone Developer";
				COPY_PHASE_STRIP = NO;
				DEBUG_INFORMATION_FORMAT = "dwarf-with-dsym";
				ENABLE_NS_ASSERTIONS = NO;
				ENABLE_STRICT_OBJC_MSGSEND = YES;
				GCC_C_LANGUAGE_STANDARD = gnu11;
				GCC_NO_COMMON_BLOCKS = YES;
				GCC_WARN_64_TO_32_BIT_CONVERSION = YES;
				GCC_WARN_ABOUT_RETURN_TYPE = YES_ERROR;
				GCC_WARN_UNDECLARED_SELECTOR = YES;
				GCC_WARN_UNINITIALIZED_AUTOS = YES_AGGRESSIVE;
				GCC_WARN_UNUSED_FUNCTION = YES;
				GCC_WARN_UNUSED_VARIABLE = YES;
				IPHONEOS_DEPLOYMENT_TARGET = 11.4;
				MTL_ENABLE_DEBUG_INFO = NO;
				SDKROOT = iphoneos;
				SWIFT_COMPILATION_MODE = wholemodule;
				SWIFT_OPTIMIZATION_LEVEL = "-O";
				VALIDATE_PRODUCT = YES;
			};
			name = AppStore;
		};
		F475DB8F216D4AF600B157BC /* AppStore */ = {
			isa = XCBuildConfiguration;
			baseConfigurationReference = 97E92B5CB48BB0618E939E0B /* Pods-CommonPods-HyperlootWallet.appstore.xcconfig */;
			buildSettings = {
				ASSETCATALOG_COMPILER_APPICON_NAME = AppIcon;
				CODE_SIGN_IDENTITY = "iPhone Distribution";
				CODE_SIGN_STYLE = Manual;
				DEVELOPMENT_TEAM = T2K4Q7V76Y;
				INFOPLIST_FILE = HyperlootWallet/Info.plist;
				IPHONEOS_DEPLOYMENT_TARGET = 10.0;
				LD_RUNPATH_SEARCH_PATHS = (
					"$(inherited)",
					"@executable_path/Frameworks",
				);
				PRODUCT_BUNDLE_IDENTIFIER = com.hyperloot.wallet;
				PRODUCT_NAME = "$(TARGET_NAME)";
				PROVISIONING_PROFILE = "156dfed9-45ea-49f4-94ff-5311956bf07d";
				PROVISIONING_PROFILE_SPECIFIER = "Hyperloot Wallet AppStore";
				SWIFT_VERSION = 4.0;
				TARGETED_DEVICE_FAMILY = 1;
			};
			name = AppStore;
		};
		F475DB90216D4AF600B157BC /* AppStore */ = {
			isa = XCBuildConfiguration;
			buildSettings = {
				ALWAYS_EMBED_SWIFT_STANDARD_LIBRARIES = YES;
				BUNDLE_LOADER = "$(TEST_HOST)";
				CODE_SIGN_STYLE = Automatic;
				INFOPLIST_FILE = HyperlootWalletTests/Info.plist;
				LD_RUNPATH_SEARCH_PATHS = (
					"$(inherited)",
					"@executable_path/Frameworks",
					"@loader_path/Frameworks",
				);
				PRODUCT_BUNDLE_IDENTIFIER = com.hyperloot.HyperlootWalletTests;
				PRODUCT_NAME = "$(TARGET_NAME)";
				SWIFT_VERSION = 4.0;
				TARGETED_DEVICE_FAMILY = "1,2";
				TEST_HOST = "$(BUILT_PRODUCTS_DIR)/HyperlootWallet.app/HyperlootWallet";
			};
			name = AppStore;
		};
/* End XCBuildConfiguration section */

/* Begin XCConfigurationList section */
		F44D72362146EC4000C651C6 /* Build configuration list for PBXProject "HyperlootWallet" */ = {
			isa = XCConfigurationList;
			buildConfigurations = (
				F44D72562146EC4300C651C6 /* Debug */,
				F44D72572146EC4300C651C6 /* Release */,
				F475DB8E216D4AF600B157BC /* AppStore */,
			);
			defaultConfigurationIsVisible = 0;
			defaultConfigurationName = Release;
		};
		F44D72582146EC4300C651C6 /* Build configuration list for PBXNativeTarget "HyperlootWallet" */ = {
			isa = XCConfigurationList;
			buildConfigurations = (
				F44D72592146EC4300C651C6 /* Debug */,
				F44D725A2146EC4300C651C6 /* Release */,
				F475DB8F216D4AF600B157BC /* AppStore */,
			);
			defaultConfigurationIsVisible = 0;
			defaultConfigurationName = Release;
		};
		F44D725B2146EC4300C651C6 /* Build configuration list for PBXNativeTarget "HyperlootWalletTests" */ = {
			isa = XCConfigurationList;
			buildConfigurations = (
				F44D725C2146EC4300C651C6 /* Debug */,
				F44D725D2146EC4300C651C6 /* Release */,
				F475DB90216D4AF600B157BC /* AppStore */,
			);
			defaultConfigurationIsVisible = 0;
			defaultConfigurationName = Release;
		};
/* End XCConfigurationList section */
	};
	rootObject = F44D72332146EC4000C651C6 /* Project object */;
}
